
Microsoft Visual Studio Solution File, Format Version 12.00
# Visual Studio Version 16
VisualStudioVersion = 16.0.31729.503
MinimumVisualStudioVersion = 10.0.40219.1
Project("{9A19103F-16F7-4668-BE54-9A1E7A4F7556}") = "Eunomia", "Eunomia.csproj", "{1FE20FF7-A626-49E9-A4D2-F817EE6E51C9}"
EndProject
Project("{FAE04EC0-301F-11D3-BF4B-00C04F79EFBC}") = "EunomiaTests", "EunomiaTests.csproj", "{84A9F09A-2359-49B8-BC50-8DF2BFFB323D}"
EndProject
Global
	GlobalSection(SolutionConfigurationPlatforms) = preSolution
		Debug|Any CPU = Debug|Any CPU
		Release|Any CPU = Release|Any CPU
	EndGlobalSection
	GlobalSection(ProjectConfigurationPlatforms) = postSolution
		{1FE20FF7-A626-49E9-A4D2-F817EE6E51C9}.Debug|Any CPU.ActiveCfg = Debug|Any CPU
		{1FE20FF7-A626-49E9-A4D2-F817EE6E51C9}.Debug|Any CPU.Build.0 = Debug|Any CPU
		{1FE20FF7-A626-49E9-A4D2-F817EE6E51C9}.Release|Any CPU.ActiveCfg = Release|Any CPU
		{1FE20FF7-A626-49E9-A4D2-F817EE6E51C9}.Release|Any CPU.Build.0 = Release|Any CPU
		{84A9F09A-2359-49B8-BC50-8DF2BFFB323D}.Debug|Any CPU.ActiveCfg = Debug|Any CPU
		{84A9F09A-2359-49B8-BC50-8DF2BFFB323D}.Debug|Any CPU.Build.0 = Debug|Any CPU
		{84A9F09A-2359-49B8-BC50-8DF2BFFB323D}.Release|Any CPU.ActiveCfg = Release|Any CPU
		{84A9F09A-2359-49B8-BC50-8DF2BFFB323D}.Release|Any CPU.Build.0 = Release|Any CPU
	EndGlobalSection
	GlobalSection(SolutionProperties) = preSolution
		HideSolutionNode = FALSE
	EndGlobalSection
	GlobalSection(ExtensibilityGlobals) = postSolution
		SolutionGuid = {581F9997-ABA4-474A-AD89-783AD738860E}
	EndGlobalSection
EndGlobal
